
Microsoft Visual Studio Solution File, Format Version 12.00
# Visual Studio Version 17
VisualStudioVersion = 17.7.34221.43
MinimumVisualStudioVersion = 10.0.40219.1
Project("{FAE04EC0-301F-11D3-BF4B-00C04F79EFBC}") = "GA_MethodOverloading_ManjulaRajan", "GA_MethodOverloading_ManjulaRajan\GA_MethodOverloading_ManjulaRajan.csproj", "{04480962-BA29-4919-85BC-B62B770C56DE}"
EndProject
Global
	GlobalSection(SolutionConfigurationPlatforms) = preSolution
		Debug|Any CPU = Debug|Any CPU
		Release|Any CPU = Release|Any CPU
	EndGlobalSection
	GlobalSection(ProjectConfigurationPlatforms) = postSolution
		{04480962-BA29-4919-85BC-B62B770C56DE}.Debug|Any CPU.ActiveCfg = Debug|Any CPU
		{04480962-BA29-4919-85BC-B62B770C56DE}.Debug|Any CPU.Build.0 = Debug|Any CPU
		{04480962-BA29-4919-85BC-B62B770C56DE}.Release|Any CPU.ActiveCfg = Release|Any CPU
		{04480962-BA29-4919-85BC-B62B770C56DE}.Release|Any CPU.Build.0 = Release|Any CPU
	EndGlobalSection
	GlobalSection(SolutionProperties) = preSolution
		HideSolutionNode = FALSE
	EndGlobalSection
	GlobalSection(ExtensibilityGlobals) = postSolution
		SolutionGuid = {547F1816-527B-4022-8F00-244C3AAFC9EE}
	EndGlobalSection
EndGlobal
